
Microsoft Visual Studio Solution File, Format Version 12.00
# Visual Studio Version 17
VisualStudioVersion = 17.7.34031.279
MinimumVisualStudioVersion = 10.0.40219.1
Project("{9A19103F-16F7-4668-BE54-9A1E7A4F7556}") = "manipulae", "manipulae\manipulae.csproj", "{628671AB-D3F9-4B57-B524-65E5FBFA3C53}"
EndProject
Project("{FAE04EC0-301F-11D3-BF4B-00C04F79EFBC}") = "manipulae-unit-test", "manipulae-unit-test\manipulae-unit-test.csproj", "{54A4F133-0685-4BFA-8019-B1E8679E8A7C}"
EndProject
Global
	GlobalSection(SolutionConfigurationPlatforms) = preSolution
		Debug|Any CPU = Debug|Any CPU
		Release|Any CPU = Release|Any CPU
	EndGlobalSection
	GlobalSection(ProjectConfigurationPlatforms) = postSolution
		{628671AB-D3F9-4B57-B524-65E5FBFA3C53}.Debug|Any CPU.ActiveCfg = Debug|Any CPU
		{628671AB-D3F9-4B57-B524-65E5FBFA3C53}.Debug|Any CPU.Build.0 = Debug|Any CPU
		{628671AB-D3F9-4B57-B524-65E5FBFA3C53}.Release|Any CPU.ActiveCfg = Release|Any CPU
		{628671AB-D3F9-4B57-B524-65E5FBFA3C53}.Release|Any CPU.Build.0 = Release|Any CPU
		{54A4F133-0685-4BFA-8019-B1E8679E8A7C}.Debug|Any CPU.ActiveCfg = Debug|Any CPU
		{54A4F133-0685-4BFA-8019-B1E8679E8A7C}.Debug|Any CPU.Build.0 = Debug|Any CPU
		{54A4F133-0685-4BFA-8019-B1E8679E8A7C}.Release|Any CPU.ActiveCfg = Release|Any CPU
		{54A4F133-0685-4BFA-8019-B1E8679E8A7C}.Release|Any CPU.Build.0 = Release|Any CPU
	EndGlobalSection
	GlobalSection(SolutionProperties) = preSolution
		HideSolutionNode = FALSE
	EndGlobalSection
	GlobalSection(ExtensibilityGlobals) = postSolution
		SolutionGuid = {03011E47-E038-4FD4-B63C-4AA0244730E9}
	EndGlobalSection
EndGlobal
